
Microsoft Visual Studio Solution File, Format Version 12.00
# Visual Studio Version 16
VisualStudioVersion = 16.0.29911.84
MinimumVisualStudioVersion = 10.0.40219.1
Project("{888888A0-9F3D-457C-B088-3A5042F75D52}") = "FlaskTestingZone", "FlaskTestingZone.pyproj", "{5513339A-21EC-47F5-9EA3-D79741FB5BE3}"
EndProject
Global
	GlobalSection(SolutionConfigurationPlatforms) = preSolution
		Debug|Any CPU = Debug|Any CPU
		Release|Any CPU = Release|Any CPU
	EndGlobalSection
	GlobalSection(ProjectConfigurationPlatforms) = postSolution
		{5513339A-21EC-47F5-9EA3-D79741FB5BE3}.Debug|Any CPU.ActiveCfg = Debug|Any CPU
		{5513339A-21EC-47F5-9EA3-D79741FB5BE3}.Debug|Any CPU.Build.0 = Debug|Any CPU
		{5513339A-21EC-47F5-9EA3-D79741FB5BE3}.Release|Any CPU.ActiveCfg = Release|Any CPU
		{5513339A-21EC-47F5-9EA3-D79741FB5BE3}.Release|Any CPU.Build.0 = Release|Any CPU
	EndGlobalSection
	GlobalSection(SolutionProperties) = preSolution
		HideSolutionNode = FALSE
	EndGlobalSection
	GlobalSection(ExtensibilityGlobals) = postSolution
		SolutionGuid = {00E121AF-5F31-4FAA-8318-907F3CD4F432}
	EndGlobalSection
EndGlobal
